
Microsoft Visual Studio Solution File, Format Version 12.00
# Visual Studio Version 17
VisualStudioVersion = 17.6.33723.286
MinimumVisualStudioVersion = 10.0.40219.1
Project("{9A19103F-16F7-4668-BE54-9A1E7A4F7556}") = "ICQ", "ICQ\ICQ.csproj", "{894ECB04-1388-41BC-AFD7-BA25E9E8D05C}"
EndProject
Project("{FAE04EC0-301F-11D3-BF4B-00C04F79EFBC}") = "UDPServer", "UDPServer\UDPServer.csproj", "{147BDEB4-662D-487D-9897-275F524D0B5A}"
EndProject
Global
	GlobalSection(SolutionConfigurationPlatforms) = preSolution
		Debug|Any CPU = Debug|Any CPU
		Release|Any CPU = Release|Any CPU
	EndGlobalSection
	GlobalSection(ProjectConfigurationPlatforms) = postSolution
		{894ECB04-1388-41BC-AFD7-BA25E9E8D05C}.Debug|Any CPU.ActiveCfg = Debug|Any CPU
		{894ECB04-1388-41BC-AFD7-BA25E9E8D05C}.Debug|Any CPU.Build.0 = Debug|Any CPU
		{894ECB04-1388-41BC-AFD7-BA25E9E8D05C}.Release|Any CPU.ActiveCfg = Release|Any CPU
		{894ECB04-1388-41BC-AFD7-BA25E9E8D05C}.Release|Any CPU.Build.0 = Release|Any CPU
		{147BDEB4-662D-487D-9897-275F524D0B5A}.Debug|Any CPU.ActiveCfg = Debug|Any CPU
		{147BDEB4-662D-487D-9897-275F524D0B5A}.Debug|Any CPU.Build.0 = Debug|Any CPU
		{147BDEB4-662D-487D-9897-275F524D0B5A}.Release|Any CPU.ActiveCfg = Release|Any CPU
		{147BDEB4-662D-487D-9897-275F524D0B5A}.Release|Any CPU.Build.0 = Release|Any CPU
	EndGlobalSection
	GlobalSection(SolutionProperties) = preSolution
		HideSolutionNode = FALSE
	EndGlobalSection
	GlobalSection(ExtensibilityGlobals) = postSolution
		SolutionGuid = {416D490F-BD99-480A-B8D7-7A408C8ECA6F}
	EndGlobalSection
EndGlobal
