
Microsoft Visual Studio Solution File, Format Version 12.00
# Visual Studio Version 17
VisualStudioVersion = 17.6.33723.286
MinimumVisualStudioVersion = 10.0.40219.1
Project("{FAE04EC0-301F-11D3-BF4B-00C04F79EFBC}") = "TCPClient", "TCPClient\TCPClient.csproj", "{67251F69-6438-44E3-A09D-1B59F3BE2629}"
EndProject
Global
	GlobalSection(SolutionConfigurationPlatforms) = preSolution
		Debug|Any CPU = Debug|Any CPU
		Release|Any CPU = Release|Any CPU
	EndGlobalSection
	GlobalSection(ProjectConfigurationPlatforms) = postSolution
		{67251F69-6438-44E3-A09D-1B59F3BE2629}.Debug|Any CPU.ActiveCfg = Debug|Any CPU
		{67251F69-6438-44E3-A09D-1B59F3BE2629}.Debug|Any CPU.Build.0 = Debug|Any CPU
		{67251F69-6438-44E3-A09D-1B59F3BE2629}.Release|Any CPU.ActiveCfg = Release|Any CPU
		{67251F69-6438-44E3-A09D-1B59F3BE2629}.Release|Any CPU.Build.0 = Release|Any CPU
	EndGlobalSection
	GlobalSection(SolutionProperties) = preSolution
		HideSolutionNode = FALSE
	EndGlobalSection
	GlobalSection(ExtensibilityGlobals) = postSolution
		SolutionGuid = {05357881-703E-491B-B11A-E63A26397D3B}
	EndGlobalSection
EndGlobal
